
Microsoft Visual Studio Solution File, Format Version 12.00
# Visual Studio Version 17
VisualStudioVersion = 17.11.35222.181
MinimumVisualStudioVersion = 10.0.40219.1
Project("{FAE04EC0-301F-11D3-BF4B-00C04F79EFBC}") = "OBAKPIWEBAPI", "OBAKPIWEBAPI\OBAKPIWEBAPI.csproj", "{D50E7BC8-9467-4F24-9A5E-20C64CA0682F}"
EndProject
Global
	GlobalSection(SolutionConfigurationPlatforms) = preSolution
		Debug|Any CPU = Debug|Any CPU
		Release|Any CPU = Release|Any CPU
	EndGlobalSection
	GlobalSection(ProjectConfigurationPlatforms) = postSolution
		{D50E7BC8-9467-4F24-9A5E-20C64CA0682F}.Debug|Any CPU.ActiveCfg = Debug|Any CPU
		{D50E7BC8-9467-4F24-9A5E-20C64CA0682F}.Debug|Any CPU.Build.0 = Debug|Any CPU
		{D50E7BC8-9467-4F24-9A5E-20C64CA0682F}.Release|Any CPU.ActiveCfg = Release|Any CPU
		{D50E7BC8-9467-4F24-9A5E-20C64CA0682F}.Release|Any CPU.Build.0 = Release|Any CPU
	EndGlobalSection
	GlobalSection(SolutionProperties) = preSolution
		HideSolutionNode = FALSE
	EndGlobalSection
	GlobalSection(ExtensibilityGlobals) = postSolution
		SolutionGuid = {489D1B9D-4047-4359-A9D5-05135B90F26D}
	EndGlobalSection
EndGlobal
